
Microsoft Visual Studio Solution File, Format Version 12.00
# Visual Studio Version 17
VisualStudioVersion = 17.14.36518.9 d17.14
MinimumVisualStudioVersion = 10.0.40219.1
Project("{FAE04EC0-301F-11D3-BF4B-00C04F79EFBC}") = "TEST 1", "TEST 1\TEST 1.csproj", "{E42013F6-7DAE-4BCE-B850-A90F783302AE}"
EndProject
Global
	GlobalSection(SolutionConfigurationPlatforms) = preSolution
		Debug|Any CPU = Debug|Any CPU
		Release|Any CPU = Release|Any CPU
	EndGlobalSection
	GlobalSection(ProjectConfigurationPlatforms) = postSolution
		{E42013F6-7DAE-4BCE-B850-A90F783302AE}.Debug|Any CPU.ActiveCfg = Debug|Any CPU
		{E42013F6-7DAE-4BCE-B850-A90F783302AE}.Debug|Any CPU.Build.0 = Debug|Any CPU
		{E42013F6-7DAE-4BCE-B850-A90F783302AE}.Release|Any CPU.ActiveCfg = Release|Any CPU
		{E42013F6-7DAE-4BCE-B850-A90F783302AE}.Release|Any CPU.Build.0 = Release|Any CPU
	EndGlobalSection
	GlobalSection(SolutionProperties) = preSolution
		HideSolutionNode = FALSE
	EndGlobalSection
	GlobalSection(ExtensibilityGlobals) = postSolution
		SolutionGuid = {7D7A06D5-9EC2-4423-ABB2-EFA90762CDB7}
	EndGlobalSection
EndGlobal
