
Microsoft Visual Studio Solution File, Format Version 12.00
# Visual Studio Version 17
VisualStudioVersion = 17.14.36518.9 d17.14
MinimumVisualStudioVersion = 10.0.40219.1
Project("{FAE04EC0-301F-11D3-BF4B-00C04F79EFBC}") = "BTVN_Quan_ly_danh_sach_ten", "BTVN_Quan_ly_danh_sach_ten\BTVN_Quan_ly_danh_sach_ten.csproj", "{8B4F85A5-BC00-4B27-80C6-F136460D001D}"
EndProject
Global
	GlobalSection(SolutionConfigurationPlatforms) = preSolution
		Debug|Any CPU = Debug|Any CPU
		Release|Any CPU = Release|Any CPU
	EndGlobalSection
	GlobalSection(ProjectConfigurationPlatforms) = postSolution
		{8B4F85A5-BC00-4B27-80C6-F136460D001D}.Debug|Any CPU.ActiveCfg = Debug|Any CPU
		{8B4F85A5-BC00-4B27-80C6-F136460D001D}.Debug|Any CPU.Build.0 = Debug|Any CPU
		{8B4F85A5-BC00-4B27-80C6-F136460D001D}.Release|Any CPU.ActiveCfg = Release|Any CPU
		{8B4F85A5-BC00-4B27-80C6-F136460D001D}.Release|Any CPU.Build.0 = Release|Any CPU
	EndGlobalSection
	GlobalSection(SolutionProperties) = preSolution
		HideSolutionNode = FALSE
	EndGlobalSection
	GlobalSection(ExtensibilityGlobals) = postSolution
		SolutionGuid = {A95CA141-E09B-4DF8-9836-8F5BE018B00D}
	EndGlobalSection
EndGlobal
