
Microsoft Visual Studio Solution File, Format Version 12.00
# Visual Studio Version 17
VisualStudioVersion = 17.14.36518.9 d17.14
MinimumVisualStudioVersion = 10.0.40219.1
Project("{FAE04EC0-301F-11D3-BF4B-00C04F79EFBC}") = "Bai_Tap3.1_Ham_XepLoaiHocLuc", "Bai_Tap3.1_Ham_XepLoaiHocLuc\Bai_Tap3.1_Ham_XepLoaiHocLuc.csproj", "{78A7116F-E58E-4E9D-BB28-5AA876F45A90}"
EndProject
Global
	GlobalSection(SolutionConfigurationPlatforms) = preSolution
		Debug|Any CPU = Debug|Any CPU
		Release|Any CPU = Release|Any CPU
	EndGlobalSection
	GlobalSection(ProjectConfigurationPlatforms) = postSolution
		{78A7116F-E58E-4E9D-BB28-5AA876F45A90}.Debug|Any CPU.ActiveCfg = Debug|Any CPU
		{78A7116F-E58E-4E9D-BB28-5AA876F45A90}.Debug|Any CPU.Build.0 = Debug|Any CPU
		{78A7116F-E58E-4E9D-BB28-5AA876F45A90}.Release|Any CPU.ActiveCfg = Release|Any CPU
		{78A7116F-E58E-4E9D-BB28-5AA876F45A90}.Release|Any CPU.Build.0 = Release|Any CPU
	EndGlobalSection
	GlobalSection(SolutionProperties) = preSolution
		HideSolutionNode = FALSE
	EndGlobalSection
	GlobalSection(ExtensibilityGlobals) = postSolution
		SolutionGuid = {CEF7EE26-E48D-466E-8BA7-22250D26F95A}
	EndGlobalSection
EndGlobal
