
Microsoft Visual Studio Solution File, Format Version 12.00
# Visual Studio Version 17
VisualStudioVersion = 17.14.36518.9 d17.14
MinimumVisualStudioVersion = 10.0.40219.1
Project("{FAE04EC0-301F-11D3-BF4B-00C04F79EFBC}") = "Lisson12_BTVN_OOP-DaHinh-TruuTuong", "Lisson12_BTVN_OOP-DaHinh-TruuTuong\Lisson12_BTVN_OOP-DaHinh-TruuTuong.csproj", "{976BC3E7-E467-401D-85AE-3E3CF5D50FA4}"
EndProject
Global
	GlobalSection(SolutionConfigurationPlatforms) = preSolution
		Debug|Any CPU = Debug|Any CPU
		Release|Any CPU = Release|Any CPU
	EndGlobalSection
	GlobalSection(ProjectConfigurationPlatforms) = postSolution
		{976BC3E7-E467-401D-85AE-3E3CF5D50FA4}.Debug|Any CPU.ActiveCfg = Debug|Any CPU
		{976BC3E7-E467-401D-85AE-3E3CF5D50FA4}.Debug|Any CPU.Build.0 = Debug|Any CPU
		{976BC3E7-E467-401D-85AE-3E3CF5D50FA4}.Release|Any CPU.ActiveCfg = Release|Any CPU
		{976BC3E7-E467-401D-85AE-3E3CF5D50FA4}.Release|Any CPU.Build.0 = Release|Any CPU
	EndGlobalSection
	GlobalSection(SolutionProperties) = preSolution
		HideSolutionNode = FALSE
	EndGlobalSection
	GlobalSection(ExtensibilityGlobals) = postSolution
		SolutionGuid = {7AA54FAA-AD33-400A-962B-8F9F1E5DAF7A}
	EndGlobalSection
EndGlobal
