
Microsoft Visual Studio Solution File, Format Version 12.00
# Visual Studio Version 17
VisualStudioVersion = 17.14.36518.9 d17.14
MinimumVisualStudioVersion = 10.0.40219.1
Project("{FAE04EC0-301F-11D3-BF4B-00C04F79EFBC}") = "Lisson-11_BTVN__Tong_Quan_C#--Co_Ban", "Lisson-11_BTVN__Tong_Quan_C#--Co_Ban\Lisson-11_BTVN__Tong_Quan_C#--Co_Ban.csproj", "{8A2FB4FB-4752-4B8A-8929-5DAC3DAE4FE4}"
EndProject
Global
	GlobalSection(SolutionConfigurationPlatforms) = preSolution
		Debug|Any CPU = Debug|Any CPU
		Release|Any CPU = Release|Any CPU
	EndGlobalSection
	GlobalSection(ProjectConfigurationPlatforms) = postSolution
		{8A2FB4FB-4752-4B8A-8929-5DAC3DAE4FE4}.Debug|Any CPU.ActiveCfg = Debug|Any CPU
		{8A2FB4FB-4752-4B8A-8929-5DAC3DAE4FE4}.Debug|Any CPU.Build.0 = Debug|Any CPU
		{8A2FB4FB-4752-4B8A-8929-5DAC3DAE4FE4}.Release|Any CPU.ActiveCfg = Release|Any CPU
		{8A2FB4FB-4752-4B8A-8929-5DAC3DAE4FE4}.Release|Any CPU.Build.0 = Release|Any CPU
	EndGlobalSection
	GlobalSection(SolutionProperties) = preSolution
		HideSolutionNode = FALSE
	EndGlobalSection
	GlobalSection(ExtensibilityGlobals) = postSolution
		SolutionGuid = {6BBAFDE6-7895-42B5-8F02-9B9FE6429680}
	EndGlobalSection
EndGlobal
