
Microsoft Visual Studio Solution File, Format Version 12.00
# Visual Studio Version 17
VisualStudioVersion = 17.14.36518.9 d17.14
MinimumVisualStudioVersion = 10.0.40219.1
Project("{FAE04EC0-301F-11D3-BF4B-00C04F79EFBC}") = "Bai_Tap3.3_thamTri_thamChieu", "Bai_Tap3.3_thamTri_thamChieu\Bai_Tap3.3_thamTri_thamChieu.csproj", "{B3AC303D-E1BE-4464-83CC-E19B1940048B}"
EndProject
Global
	GlobalSection(SolutionConfigurationPlatforms) = preSolution
		Debug|Any CPU = Debug|Any CPU
		Release|Any CPU = Release|Any CPU
	EndGlobalSection
	GlobalSection(ProjectConfigurationPlatforms) = postSolution
		{B3AC303D-E1BE-4464-83CC-E19B1940048B}.Debug|Any CPU.ActiveCfg = Debug|Any CPU
		{B3AC303D-E1BE-4464-83CC-E19B1940048B}.Debug|Any CPU.Build.0 = Debug|Any CPU
		{B3AC303D-E1BE-4464-83CC-E19B1940048B}.Release|Any CPU.ActiveCfg = Release|Any CPU
		{B3AC303D-E1BE-4464-83CC-E19B1940048B}.Release|Any CPU.Build.0 = Release|Any CPU
	EndGlobalSection
	GlobalSection(SolutionProperties) = preSolution
		HideSolutionNode = FALSE
	EndGlobalSection
	GlobalSection(ExtensibilityGlobals) = postSolution
		SolutionGuid = {834275D7-6D5C-48A8-9D93-E3C57F033A2E}
	EndGlobalSection
EndGlobal
